
Microsoft Visual Studio Solution File, Format Version 12.00
# Visual Studio Version 17
VisualStudioVersion = 17.6.33829.357
MinimumVisualStudioVersion = 10.0.40219.1
Project("{FAE04EC0-301F-11D3-BF4B-00C04F79EFBC}") = "my-books", "my-books\my-books.csproj", "{CA3E0810-FCBA-493D-98C9-0160F224D956}"
EndProject
Global
	GlobalSection(SolutionConfigurationPlatforms) = preSolution
		Debug|Any CPU = Debug|Any CPU
		Release|Any CPU = Release|Any CPU
	EndGlobalSection
	GlobalSection(ProjectConfigurationPlatforms) = postSolution
		{CA3E0810-FCBA-493D-98C9-0160F224D956}.Debug|Any CPU.ActiveCfg = Debug|Any CPU
		{CA3E0810-FCBA-493D-98C9-0160F224D956}.Debug|Any CPU.Build.0 = Debug|Any CPU
		{CA3E0810-FCBA-493D-98C9-0160F224D956}.Release|Any CPU.ActiveCfg = Release|Any CPU
		{CA3E0810-FCBA-493D-98C9-0160F224D956}.Release|Any CPU.Build.0 = Release|Any CPU
	EndGlobalSection
	GlobalSection(SolutionProperties) = preSolution
		HideSolutionNode = FALSE
	EndGlobalSection
	GlobalSection(ExtensibilityGlobals) = postSolution
		SolutionGuid = {0E88EF13-241B-4745-9ACB-ACB912747E50}
	EndGlobalSection
EndGlobal
